
Microsoft Visual Studio Solution File, Format Version 12.00
# Visual Studio Version 17
VisualStudioVersion = 17.3.32819.101
MinimumVisualStudioVersion = 10.0.40219.1
Project("{FAE04EC0-301F-11D3-BF4B-00C04F79EFBC}") = "providercost", "providercost.csproj", "{DE9197D8-D6B3-4EFB-B7EA-F9774BDE0DB9}"
EndProject
Global
	GlobalSection(SolutionConfigurationPlatforms) = preSolution
		Debug|Any CPU = Debug|Any CPU
		Release|Any CPU = Release|Any CPU
	EndGlobalSection
	GlobalSection(ProjectConfigurationPlatforms) = postSolution
		{DE9197D8-D6B3-4EFB-B7EA-F9774BDE0DB9}.Debug|Any CPU.ActiveCfg = Debug|Any CPU
		{DE9197D8-D6B3-4EFB-B7EA-F9774BDE0DB9}.Debug|Any CPU.Build.0 = Debug|Any CPU
		{DE9197D8-D6B3-4EFB-B7EA-F9774BDE0DB9}.Release|Any CPU.ActiveCfg = Release|Any CPU
		{DE9197D8-D6B3-4EFB-B7EA-F9774BDE0DB9}.Release|Any CPU.Build.0 = Release|Any CPU
	EndGlobalSection
	GlobalSection(SolutionProperties) = preSolution
		HideSolutionNode = FALSE
	EndGlobalSection
	GlobalSection(ExtensibilityGlobals) = postSolution
		SolutionGuid = {2001DA2C-2E9D-4B88-9F31-E7D17A0C081A}
	EndGlobalSection
EndGlobal
